
Microsoft Visual Studio Solution File, Format Version 11.00
# Visual Studio 2010
Project("{FAE04EC0-301F-11D3-BF4B-00C04F79EFBC}") = "Archive", "Assembly-CSharp.csproj", "{D18054FD-3C0A-A7A0-E45E-095EEEC7B432}"
EndProject
Global
	GlobalSection(SolutionConfigurationPlatforms) = preSolution
		Debug|Any CPU = Debug|Any CPU
		Release|Any CPU = Release|Any CPU
	EndGlobalSection
	GlobalSection(ProjectConfigurationPlatforms) = postSolution
		{D18054FD-3C0A-A7A0-E45E-095EEEC7B432}.Debug|Any CPU.ActiveCfg = Debug|Any CPU
		{D18054FD-3C0A-A7A0-E45E-095EEEC7B432}.Debug|Any CPU.Build.0 = Debug|Any CPU
		{D18054FD-3C0A-A7A0-E45E-095EEEC7B432}.Release|Any CPU.ActiveCfg = Release|Any CPU
		{D18054FD-3C0A-A7A0-E45E-095EEEC7B432}.Release|Any CPU.Build.0 = Release|Any CPU
	EndGlobalSection
	GlobalSection(SolutionProperties) = preSolution
		HideSolutionNode = FALSE
	EndGlobalSection
	GlobalSection(MonoDevelopProperties) = preSolution
		StartupItem = Assembly-CSharp.csproj
	EndGlobalSection
EndGlobal
